
Microsoft Visual Studio Solution File, Format Version 12.00
# Visual Studio Version 17
VisualStudioVersion = 17.0.31903.59
MinimumVisualStudioVersion = 10.0.40219.1
Project("{FAE04EC0-301F-11D3-BF4B-00C04F79EFBC}") = "demo", "demo\demo.csproj", "{E679CADC-6B81-4B9F-AB32-5B11652707FF}"
EndProject
Global
	GlobalSection(SolutionConfigurationPlatforms) = preSolution
		Debug|Any CPU = Debug|Any CPU
		Release|Any CPU = Release|Any CPU
	EndGlobalSection
	GlobalSection(ProjectConfigurationPlatforms) = postSolution
		{E679CADC-6B81-4B9F-AB32-5B11652707FF}.Debug|Any CPU.ActiveCfg = Debug|Any CPU
		{E679CADC-6B81-4B9F-AB32-5B11652707FF}.Debug|Any CPU.Build.0 = Debug|Any CPU
		{E679CADC-6B81-4B9F-AB32-5B11652707FF}.Release|Any CPU.ActiveCfg = Release|Any CPU
		{E679CADC-6B81-4B9F-AB32-5B11652707FF}.Release|Any CPU.Build.0 = Release|Any CPU
	EndGlobalSection
	GlobalSection(SolutionProperties) = preSolution
		HideSolutionNode = FALSE
	EndGlobalSection
	GlobalSection(ExtensibilityGlobals) = postSolution
		SolutionGuid = {2B3A28F6-9E46-48A6-A026-968A6C1359DB}
	EndGlobalSection
EndGlobal
